{
  "version": 4,
  "terraform_version": "1.3.7",
  "serial": 213,
  "lineage": "6777f2a8-6efb-5ebd-7958-4b5c11b8bc6c",
  "outputs": {},
  "resources": [
    {
      "mode": "data",
      "type": "google_storage_project_service_account",
      "name": "gcs_account",
      "provider": "provider[\"registry.terraform.io/hashicorp/google\"]",
      "instances": [
        {
          "schema_version": 0,
          "attributes": {
            "email_address": "service-1082841050410@gs-project-accounts.iam.gserviceaccount.com",
            "id": "service-1082841050410@gs-project-accounts.iam.gserviceaccount.com",
            "member": "serviceAccount:service-1082841050410@gs-project-accounts.iam.gserviceaccount.com",
            "project": "gcp101713-michalpiasecki",
            "user_project": null
          },
          "sensitive_attributes": []
        }
      ]
    },
    {
      "mode": "data",
      "type": "google_storage_transfer_project_service_account",
      "name": "default",
      "provider": "provider[\"registry.terraform.io/hashicorp/google\"]",
      "instances": [
        {
          "schema_version": 0,
          "attributes": {
            "email": "project-1082841050410@storage-transfer-service.iam.gserviceaccount.com",
            "id": "project-1082841050410@storage-transfer-service.iam.gserviceaccount.com",
            "member": "serviceAccount:project-1082841050410@storage-transfer-service.iam.gserviceaccount.com",
            "project": "gcp101713-michalpiasecki",
            "subject_id": "117168509018065335339"
          },
          "sensitive_attributes": []
        }
      ]
    },
    {
      "mode": "managed",
      "type": "google_compute_backend_bucket",
      "name": "static-site",
      "provider": "provider[\"registry.terraform.io/hashicorp/google\"]",
      "instances": [
        {
          "schema_version": 0,
          "attributes": {
            "bucket_name": "static.piasecki.it",
            "cdn_policy": [],
            "compression_mode": "",
            "creation_timestamp": "2023-12-03T12:25:32.159-08:00",
            "custom_response_headers": [],
            "description": "Contains cat image",
            "edge_security_policy": "",
            "enable_cdn": false,
            "id": "projects/gcp101713-michalpiasecki/global/backendBuckets/cats",
            "name": "cats",
            "project": "gcp101713-michalpiasecki",
            "self_link": "https://www.googleapis.com/compute/v1/projects/gcp101713-michalpiasecki/global/backendBuckets/cats",
            "timeouts": null
          },
          "sensitive_attributes": [],
          "private": "eyJlMmJmYjczMC1lY2FhLTExZTYtOGY4OC0zNDM2M2JjN2M0YzAiOnsiY3JlYXRlIjoxMjAwMDAwMDAwMDAwLCJkZWxldGUiOjEyMDAwMDAwMDAwMDAsInVwZGF0ZSI6MTIwMDAwMDAwMDAwMH19",
          "dependencies": [
            "google_storage_bucket.static-site"
          ]
        }
      ]
    },
    {
      "mode": "managed",
      "type": "google_compute_global_address",
      "name": "default",
      "provider": "provider[\"registry.terraform.io/hashicorp/google\"]",
      "instances": [
        {
          "schema_version": 0,
          "attributes": {
            "address": "34.49.71.237",
            "address_type": "EXTERNAL",
            "creation_timestamp": "2023-12-03T12:25:32.161-08:00",
            "description": "",
            "id": "projects/gcp101713-michalpiasecki/global/addresses/example-ip",
            "ip_version": "",
            "name": "example-ip",
            "network": "",
            "prefix_length": 0,
            "project": "gcp101713-michalpiasecki",
            "purpose": "",
            "self_link": "https://www.googleapis.com/compute/v1/projects/gcp101713-michalpiasecki/global/addresses/example-ip",
            "timeouts": null
          },
          "sensitive_attributes": [],
          "private": "eyJlMmJmYjczMC1lY2FhLTExZTYtOGY4OC0zNDM2M2JjN2M0YzAiOnsiY3JlYXRlIjoxMjAwMDAwMDAwMDAwLCJkZWxldGUiOjEyMDAwMDAwMDAwMDB9fQ=="
        }
      ]
    },
    {
      "mode": "managed",
      "type": "google_compute_global_forwarding_rule",
      "name": "default",
      "provider": "provider[\"registry.terraform.io/hashicorp/google\"]",
      "instances": [
        {
          "schema_version": 0,
          "attributes": {
            "description": "",
            "id": "projects/gcp101713-michalpiasecki/global/forwardingRules/http-lb-forwarding-rule",
            "ip_address": "projects/gcp101713-michalpiasecki/global/addresses/example-ip",
            "ip_protocol": "TCP",
            "ip_version": "",
            "label_fingerprint": "42WmSpB8rSM=",
            "labels": {},
            "load_balancing_scheme": "EXTERNAL_MANAGED",
            "metadata_filters": [],
            "name": "http-lb-forwarding-rule",
            "network": "",
            "port_range": "80",
            "project": "gcp101713-michalpiasecki",
            "psc_connection_id": "",
            "psc_connection_status": "",
            "self_link": "https://www.googleapis.com/compute/v1/projects/gcp101713-michalpiasecki/global/forwardingRules/http-lb-forwarding-rule",
            "target": "projects/gcp101713-michalpiasecki/global/targetHttpProxies/http-lb-proxy",
            "timeouts": null
          },
          "sensitive_attributes": [],
          "private": "eyJlMmJmYjczMC1lY2FhLTExZTYtOGY4OC0zNDM2M2JjN2M0YzAiOnsiY3JlYXRlIjoxMjAwMDAwMDAwMDAwLCJkZWxldGUiOjEyMDAwMDAwMDAwMDAsInVwZGF0ZSI6MTIwMDAwMDAwMDAwMH19",
          "dependencies": [
            "google_compute_backend_bucket.static-site",
            "google_compute_global_address.default",
            "google_compute_target_http_proxy.default",
            "google_compute_url_map.default",
            "google_storage_bucket.static-site"
          ]
        }
      ]
    },
    {
      "mode": "managed",
      "type": "google_compute_target_http_proxy",
      "name": "default",
      "provider": "provider[\"registry.terraform.io/hashicorp/google\"]",
      "instances": [
        {
          "schema_version": 0,
          "attributes": {
            "creation_timestamp": "2023-12-03T12:29:13.293-08:00",
            "description": "",
            "id": "projects/gcp101713-michalpiasecki/global/targetHttpProxies/http-lb-proxy",
            "name": "http-lb-proxy",
            "project": "gcp101713-michalpiasecki",
            "proxy_bind": false,
            "proxy_id": 2128624728926149622,
            "self_link": "https://www.googleapis.com/compute/v1/projects/gcp101713-michalpiasecki/global/targetHttpProxies/http-lb-proxy",
            "timeouts": null,
            "url_map": "https://www.googleapis.com/compute/v1/projects/gcp101713-michalpiasecki/global/urlMaps/http-lb"
          },
          "sensitive_attributes": [],
          "private": "eyJlMmJmYjczMC1lY2FhLTExZTYtOGY4OC0zNDM2M2JjN2M0YzAiOnsiY3JlYXRlIjoxMjAwMDAwMDAwMDAwLCJkZWxldGUiOjEyMDAwMDAwMDAwMDAsInVwZGF0ZSI6MTIwMDAwMDAwMDAwMH19",
          "dependencies": [
            "google_compute_backend_bucket.static-site",
            "google_compute_url_map.default",
            "google_storage_bucket.static-site"
          ]
        }
      ]
    },
    {
      "mode": "managed",
      "type": "google_compute_url_map",
      "name": "default",
      "provider": "provider[\"registry.terraform.io/hashicorp/google\"]",
      "instances": [
        {
          "schema_version": 0,
          "attributes": {
            "creation_timestamp": "2023-12-03T12:28:31.121-08:00",
            "default_route_action": [],
            "default_service": "https://www.googleapis.com/compute/v1/projects/gcp101713-michalpiasecki/global/backendBuckets/cats",
            "default_url_redirect": [],
            "description": "",
            "fingerprint": "wHeTz43Bx7o=",
            "header_action": [],
            "host_rule": [
              {
                "description": "",
                "hosts": [
                  "*"
                ],
                "path_matcher": "path-matcher-2"
              }
            ],
            "id": "projects/gcp101713-michalpiasecki/global/urlMaps/http-lb",
            "map_id": 5831903148247177728,
            "name": "http-lb",
            "path_matcher": [
              {
                "default_route_action": [],
                "default_service": "https://www.googleapis.com/compute/v1/projects/gcp101713-michalpiasecki/global/backendBuckets/cats",
                "default_url_redirect": [],
                "description": "",
                "header_action": [],
                "name": "path-matcher-2",
                "path_rule": [
                  {
                    "paths": [
                      "*"
                    ],
                    "route_action": [],
                    "service": "https://www.googleapis.com/compute/v1/projects/gcp101713-michalpiasecki/global/backendBuckets/cats",
                    "url_redirect": []
                  }
                ],
                "route_rules": []
              }
            ],
            "project": "gcp101713-michalpiasecki",
            "self_link": "https://www.googleapis.com/compute/v1/projects/gcp101713-michalpiasecki/global/urlMaps/http-lb",
            "test": [],
            "timeouts": null
          },
          "sensitive_attributes": [],
          "private": "eyJlMmJmYjczMC1lY2FhLTExZTYtOGY4OC0zNDM2M2JjN2M0YzAiOnsiY3JlYXRlIjoxMjAwMDAwMDAwMDAwLCJkZWxldGUiOjEyMDAwMDAwMDAwMDAsInVwZGF0ZSI6MTIwMDAwMDAwMDAwMH19",
          "dependencies": [
            "google_compute_backend_bucket.static-site",
            "google_storage_bucket.static-site"
          ]
        }
      ]
    },
    {
      "mode": "managed",
      "type": "google_kms_crypto_key",
      "name": "crypto_key",
      "provider": "provider[\"registry.terraform.io/hashicorp/google\"]",
      "instances": [
        {
          "schema_version": 1,
          "attributes": {
            "destroy_scheduled_duration": "86400s",
            "id": "projects/gcp101713-michalpiasecki/locations/us-central1/keyRings/my-key-ring/cryptoKeys/my-crypto-key",
            "import_only": false,
            "key_ring": "projects/gcp101713-michalpiasecki/locations/us-central1/keyRings/my-key-ring",
            "labels": {},
            "name": "my-crypto-key",
            "purpose": "ENCRYPT_DECRYPT",
            "rotation_period": "",
            "skip_initial_version_creation": false,
            "timeouts": null,
            "version_template": [
              {
                "algorithm": "GOOGLE_SYMMETRIC_ENCRYPTION",
                "protection_level": "SOFTWARE"
              }
            ]
          },
          "sensitive_attributes": [],
          "private": "eyJlMmJmYjczMC1lY2FhLTExZTYtOGY4OC0zNDM2M2JjN2M0YzAiOnsiY3JlYXRlIjoxMjAwMDAwMDAwMDAwLCJkZWxldGUiOjEyMDAwMDAwMDAwMDAsInVwZGF0ZSI6MTIwMDAwMDAwMDAwMH0sInNjaGVtYV92ZXJzaW9uIjoiMSJ9",
          "dependencies": [
            "google_kms_key_ring.key_ring"
          ]
        }
      ]
    },
    {
      "mode": "managed",
      "type": "google_kms_crypto_key_iam_binding",
      "name": "kms_binding",
      "provider": "provider[\"registry.terraform.io/hashicorp/google\"]",
      "instances": [
        {
          "schema_version": 0,
          "attributes": {
            "condition": [],
            "crypto_key_id": "projects/gcp101713-michalpiasecki/locations/us-central1/keyRings/my-key-ring/cryptoKeys/my-crypto-key",
            "etag": "BwYLdEcrGfg=",
            "id": "projects/gcp101713-michalpiasecki/locations/us-central1/keyRings/my-key-ring/cryptoKeys/my-crypto-key/roles/cloudkms.cryptoKeyEncrypterDecrypter",
            "members": [
              "serviceAccount:service-1082841050410@gs-project-accounts.iam.gserviceaccount.com"
            ],
            "role": "roles/cloudkms.cryptoKeyEncrypterDecrypter"
          },
          "sensitive_attributes": [],
          "private": "bnVsbA==",
          "dependencies": [
            "data.google_storage_project_service_account.gcs_account",
            "google_kms_crypto_key.crypto_key",
            "google_kms_key_ring.key_ring"
          ]
        }
      ]
    },
    {
      "mode": "managed",
      "type": "google_kms_key_ring",
      "name": "key_ring",
      "provider": "provider[\"registry.terraform.io/hashicorp/google\"]",
      "instances": [
        {
          "schema_version": 0,
          "attributes": {
            "id": "projects/gcp101713-michalpiasecki/locations/us-central1/keyRings/my-key-ring",
            "location": "us-central1",
            "name": "my-key-ring",
            "project": "gcp101713-michalpiasecki",
            "timeouts": null
          },
          "sensitive_attributes": [],
          "private": "eyJlMmJmYjczMC1lY2FhLTExZTYtOGY4OC0zNDM2M2JjN2M0YzAiOnsiY3JlYXRlIjoxMjAwMDAwMDAwMDAwLCJkZWxldGUiOjEyMDAwMDAwMDAwMDB9fQ=="
        }
      ]
    },
    {
      "mode": "managed",
      "type": "google_project_iam_audit_config",
      "name": "project",
      "provider": "provider[\"registry.terraform.io/hashicorp/google\"]",
      "instances": [
        {
          "schema_version": 0,
          "attributes": {
            "audit_log_config": [
              {
                "exempted_members": [],
                "log_type": "ADMIN_READ"
              },
              {
                "exempted_members": [],
                "log_type": "DATA_READ"
              },
              {
                "exempted_members": [],
                "log_type": "DATA_WRITE"
              }
            ],
            "etag": "BwYLq4pmFwI=",
            "id": "gcp101713-michalpiasecki/audit_config/storage.googleapis.com",
            "project": "gcp101713-michalpiasecki",
            "service": "storage.googleapis.com"
          },
          "sensitive_attributes": [],
          "private": "bnVsbA=="
        }
      ]
    },
    {
      "mode": "managed",
      "type": "google_project_iam_binding",
      "name": "list-buckets",
      "provider": "provider[\"registry.terraform.io/hashicorp/google\"]",
      "instances": [
        {
          "schema_version": 0,
          "attributes": {
            "condition": [],
            "etag": "BwYLq4pmFwI=",
            "id": "gcp101713-michalpiasecki/projects/gcp101713-michalpiasecki/roles/listbuckets",
            "members": [
              "serviceAccount:service-1082841050410@gs-project-accounts.iam.gserviceaccount.com",
              "serviceAccount:test-bucket-access@gcp101713-michalpiasecki.iam.gserviceaccount.com"
            ],
            "project": "gcp101713-michalpiasecki",
            "role": "projects/gcp101713-michalpiasecki/roles/listbuckets"
          },
          "sensitive_attributes": [],
          "private": "bnVsbA==",
          "dependencies": [
            "data.google_storage_project_service_account.gcs_account",
            "google_project_iam_custom_role.list-buckets",
            "google_service_account.service_account"
          ]
        }
      ]
    },
    {
      "mode": "managed",
      "type": "google_project_iam_custom_role",
      "name": "list-buckets",
      "provider": "provider[\"registry.terraform.io/hashicorp/google\"]",
      "instances": [
        {
          "schema_version": 0,
          "attributes": {
            "deleted": false,
            "description": "",
            "id": "projects/gcp101713-michalpiasecki/roles/listbuckets",
            "name": "projects/gcp101713-michalpiasecki/roles/listbuckets",
            "permissions": [
              "storage.buckets.get",
              "storage.buckets.list"
            ],
            "project": "gcp101713-michalpiasecki",
            "role_id": "listbuckets",
            "stage": "GA",
            "title": "list-buckets"
          },
          "sensitive_attributes": [],
          "private": "bnVsbA=="
        }
      ]
    },
    {
      "mode": "managed",
      "type": "google_project_iam_member",
      "name": "list-buckets-for-storage-transfer",
      "provider": "provider[\"registry.terraform.io/hashicorp/google\"]",
      "instances": [
        {
          "schema_version": 0,
          "attributes": {
            "condition": [],
            "etag": "BwYLq9tLxRw=",
            "id": "gcp101713-michalpiasecki/projects/gcp101713-michalpiasecki/roles/listbuckets/serviceAccount:project-1082841050410@storage-transfer-service.iam.gserviceaccount.com",
            "member": "serviceAccount:project-1082841050410@storage-transfer-service.iam.gserviceaccount.com",
            "project": "gcp101713-michalpiasecki",
            "role": "projects/gcp101713-michalpiasecki/roles/listbuckets"
          },
          "sensitive_attributes": [],
          "private": "bnVsbA==",
          "dependencies": [
            "data.google_storage_transfer_project_service_account.default",
            "google_project_iam_custom_role.list-buckets"
          ]
        }
      ]
    },
    {
      "mode": "managed",
      "type": "google_project_iam_member",
      "name": "storage-transfer-user",
      "provider": "provider[\"registry.terraform.io/hashicorp/google\"]",
      "instances": [
        {
          "schema_version": 0,
          "attributes": {
            "condition": [],
            "etag": "BwYLq4pmFwI=",
            "id": "gcp101713-michalpiasecki/roles/storage.objectUser/serviceAccount:project-1082841050410@storage-transfer-service.iam.gserviceaccount.com",
            "member": "serviceAccount:project-1082841050410@storage-transfer-service.iam.gserviceaccount.com",
            "project": "gcp101713-michalpiasecki",
            "role": "roles/storage.objectUser"
          },
          "sensitive_attributes": [],
          "private": "bnVsbA==",
          "dependencies": [
            "data.google_storage_transfer_project_service_account.default"
          ]
        }
      ]
    },
    {
      "mode": "managed",
      "type": "google_project_service",
      "name": "storagetransfer",
      "provider": "provider[\"registry.terraform.io/hashicorp/google\"]",
      "instances": [
        {
          "schema_version": 0,
          "attributes": {
            "disable_dependent_services": null,
            "disable_on_destroy": true,
            "id": "gcp101713-michalpiasecki/storagetransfer.googleapis.com",
            "project": "gcp101713-michalpiasecki",
            "service": "storagetransfer.googleapis.com",
            "timeouts": null
          },
          "sensitive_attributes": [],
          "private": "eyJlMmJmYjczMC1lY2FhLTExZTYtOGY4OC0zNDM2M2JjN2M0YzAiOnsiY3JlYXRlIjoxMjAwMDAwMDAwMDAwLCJkZWxldGUiOjEyMDAwMDAwMDAwMDAsInJlYWQiOjYwMDAwMDAwMDAwMCwidXBkYXRlIjoxMjAwMDAwMDAwMDAwfX0="
        }
      ]
    },
    {
      "mode": "managed",
      "type": "google_service_account",
      "name": "reader_service_account",
      "provider": "provider[\"registry.terraform.io/hashicorp/google\"]",
      "instances": [
        {
          "schema_version": 0,
          "attributes": {
            "account_id": "reader-service-account",
            "description": "",
            "disabled": false,
            "display_name": "reader_service_account",
            "email": "reader-service-account@gcp101713-michalpiasecki.iam.gserviceaccount.com",
            "id": "projects/gcp101713-michalpiasecki/serviceAccounts/reader-service-account@gcp101713-michalpiasecki.iam.gserviceaccount.com",
            "member": "serviceAccount:reader-service-account@gcp101713-michalpiasecki.iam.gserviceaccount.com",
            "name": "projects/gcp101713-michalpiasecki/serviceAccounts/reader-service-account@gcp101713-michalpiasecki.iam.gserviceaccount.com",
            "project": "gcp101713-michalpiasecki",
            "timeouts": null,
            "unique_id": "109595800538511611628"
          },
          "sensitive_attributes": [],
          "private": "eyJlMmJmYjczMC1lY2FhLTExZTYtOGY4OC0zNDM2M2JjN2M0YzAiOnsiY3JlYXRlIjozMDAwMDAwMDAwMDB9fQ=="
        }
      ]
    },
    {
      "mode": "managed",
      "type": "google_service_account",
      "name": "service_account",
      "provider": "provider[\"registry.terraform.io/hashicorp/google\"]",
      "instances": [
        {
          "schema_version": 0,
          "attributes": {
            "account_id": "test-bucket-access",
            "description": "",
            "disabled": false,
            "display_name": "Service Account",
            "email": "test-bucket-access@gcp101713-michalpiasecki.iam.gserviceaccount.com",
            "id": "projects/gcp101713-michalpiasecki/serviceAccounts/test-bucket-access@gcp101713-michalpiasecki.iam.gserviceaccount.com",
            "member": "serviceAccount:test-bucket-access@gcp101713-michalpiasecki.iam.gserviceaccount.com",
            "name": "projects/gcp101713-michalpiasecki/serviceAccounts/test-bucket-access@gcp101713-michalpiasecki.iam.gserviceaccount.com",
            "project": "gcp101713-michalpiasecki",
            "timeouts": null,
            "unique_id": "112517517832687840297"
          },
          "sensitive_attributes": [],
          "private": "eyJlMmJmYjczMC1lY2FhLTExZTYtOGY4OC0zNDM2M2JjN2M0YzAiOnsiY3JlYXRlIjozMDAwMDAwMDAwMDB9fQ=="
        }
      ]
    },
    {
      "mode": "managed",
      "type": "google_storage_bucket",
      "name": "auto-expire",
      "provider": "provider[\"registry.terraform.io/hashicorp/google\"]",
      "instances": [
        {
          "schema_version": 0,
          "attributes": {
            "autoclass": [],
            "cors": [],
            "custom_placement_config": [],
            "default_event_based_hold": false,
            "encryption": [
              {
                "default_kms_key_name": "projects/gcp101713-michalpiasecki/locations/us-central1/keyRings/my-key-ring/cryptoKeys/my-crypto-key"
              }
            ],
            "force_destroy": true,
            "id": "testing-bucket-with-no-public-access",
            "labels": {},
            "lifecycle_rule": [
              {
                "action": [
                  {
                    "storage_class": "NEARLINE",
                    "type": "SetStorageClass"
                  }
                ],
                "condition": [
                  {
                    "age": 2,
                    "created_before": "",
                    "custom_time_before": "",
                    "days_since_custom_time": 0,
                    "days_since_noncurrent_time": 0,
                    "matches_prefix": [],
                    "matches_storage_class": [],
                    "matches_suffix": [],
                    "noncurrent_time_before": "",
                    "num_newer_versions": 0,
                    "with_state": "ANY"
                  }
                ]
              },
              {
                "action": [
                  {
                    "storage_class": "COLDLINE",
                    "type": "SetStorageClass"
                  }
                ],
                "condition": [
                  {
                    "age": 3,
                    "created_before": "",
                    "custom_time_before": "",
                    "days_since_custom_time": 0,
                    "days_since_noncurrent_time": 0,
                    "matches_prefix": [],
                    "matches_storage_class": [],
                    "matches_suffix": [],
                    "noncurrent_time_before": "",
                    "num_newer_versions": 0,
                    "with_state": "ANY"
                  }
                ]
              },
              {
                "action": [
                  {
                    "storage_class": "ARCHIVE",
                    "type": "SetStorageClass"
                  }
                ],
                "condition": [
                  {
                    "age": 4,
                    "created_before": "",
                    "custom_time_before": "",
                    "days_since_custom_time": 0,
                    "days_since_noncurrent_time": 0,
                    "matches_prefix": [],
                    "matches_storage_class": [],
                    "matches_suffix": [],
                    "noncurrent_time_before": "",
                    "num_newer_versions": 0,
                    "with_state": "ANY"
                  }
                ]
              }
            ],
            "location": "US-CENTRAL1",
            "logging": [],
            "name": "testing-bucket-with-no-public-access",
            "project": "gcp101713-michalpiasecki",
            "public_access_prevention": "enforced",
            "requester_pays": false,
            "retention_policy": [],
            "self_link": "https://www.googleapis.com/storage/v1/b/testing-bucket-with-no-public-access",
            "storage_class": "STANDARD",
            "timeouts": null,
            "uniform_bucket_level_access": false,
            "url": "gs://testing-bucket-with-no-public-access",
            "versioning": [],
            "website": []
          },
          "sensitive_attributes": [],
          "private": "eyJlMmJmYjczMC1lY2FhLTExZTYtOGY4OC0zNDM2M2JjN2M0YzAiOnsiY3JlYXRlIjoyNDAwMDAwMDAwMDAsInJlYWQiOjI0MDAwMDAwMDAwMCwidXBkYXRlIjoyNDAwMDAwMDAwMDB9fQ==",
          "dependencies": [
            "data.google_storage_project_service_account.gcs_account",
            "google_kms_crypto_key.crypto_key",
            "google_kms_crypto_key_iam_binding.kms_binding",
            "google_kms_key_ring.key_ring"
          ]
        }
      ]
    },
    {
      "mode": "managed",
      "type": "google_storage_bucket",
      "name": "backup",
      "provider": "provider[\"registry.terraform.io/hashicorp/google\"]",
      "instances": [
        {
          "schema_version": 0,
          "attributes": {
            "autoclass": [],
            "cors": [],
            "custom_placement_config": [],
            "default_event_based_hold": false,
            "encryption": [
              {
                "default_kms_key_name": "projects/gcp101713-michalpiasecki/locations/us-central1/keyRings/my-key-ring/cryptoKeys/my-crypto-key"
              }
            ],
            "force_destroy": true,
            "id": "bucket-for-testing-storage-transfer",
            "labels": {},
            "lifecycle_rule": [],
            "location": "US-CENTRAL1",
            "logging": [],
            "name": "bucket-for-testing-storage-transfer",
            "project": "gcp101713-michalpiasecki",
            "public_access_prevention": "enforced",
            "requester_pays": false,
            "retention_policy": [],
            "self_link": "https://www.googleapis.com/storage/v1/b/bucket-for-testing-storage-transfer",
            "storage_class": "COLDLINE",
            "timeouts": null,
            "uniform_bucket_level_access": false,
            "url": "gs://bucket-for-testing-storage-transfer",
            "versioning": [],
            "website": []
          },
          "sensitive_attributes": [],
          "private": "eyJlMmJmYjczMC1lY2FhLTExZTYtOGY4OC0zNDM2M2JjN2M0YzAiOnsiY3JlYXRlIjoyNDAwMDAwMDAwMDAsInJlYWQiOjI0MDAwMDAwMDAwMCwidXBkYXRlIjoyNDAwMDAwMDAwMDB9fQ==",
          "dependencies": [
            "data.google_storage_project_service_account.gcs_account",
            "google_kms_crypto_key.crypto_key",
            "google_kms_crypto_key_iam_binding.kms_binding",
            "google_kms_key_ring.key_ring"
          ]
        }
      ]
    },
    {
      "mode": "managed",
      "type": "google_storage_bucket",
      "name": "static-site",
      "provider": "provider[\"registry.terraform.io/hashicorp/google\"]",
      "instances": [
        {
          "schema_version": 0,
          "attributes": {
            "autoclass": [],
            "cors": [
              {
                "max_age_seconds": 3600,
                "method": [
                  "GET",
                  "HEAD",
                  "PUT",
                  "POST",
                  "DELETE"
                ],
                "origin": [
                  "http://static.piasecki.it"
                ],
                "response_header": [
                  "*"
                ]
              }
            ],
            "custom_placement_config": [],
            "default_event_based_hold": false,
            "encryption": [],
            "force_destroy": true,
            "id": "static.piasecki.it",
            "labels": {},
            "lifecycle_rule": [],
            "location": "US",
            "logging": [],
            "name": "static.piasecki.it",
            "project": "gcp101713-michalpiasecki",
            "public_access_prevention": "inherited",
            "requester_pays": false,
            "retention_policy": [],
            "self_link": "https://www.googleapis.com/storage/v1/b/static.piasecki.it",
            "storage_class": "STANDARD",
            "timeouts": null,
            "uniform_bucket_level_access": true,
            "url": "gs://static.piasecki.it",
            "versioning": [],
            "website": [
              {
                "main_page_suffix": "index.html",
                "not_found_page": "404.html"
              }
            ]
          },
          "sensitive_attributes": [],
          "private": "eyJlMmJmYjczMC1lY2FhLTExZTYtOGY4OC0zNDM2M2JjN2M0YzAiOnsiY3JlYXRlIjoyNDAwMDAwMDAwMDAsInJlYWQiOjI0MDAwMDAwMDAwMCwidXBkYXRlIjoyNDAwMDAwMDAwMDB9fQ=="
        }
      ]
    },
    {
      "mode": "managed",
      "type": "google_storage_bucket_iam_binding",
      "name": "user",
      "provider": "provider[\"registry.terraform.io/hashicorp/google\"]",
      "instances": [
        {
          "schema_version": 0,
          "attributes": {
            "bucket": "b/testing-bucket-with-no-public-access",
            "condition": [],
            "etag": "CAg=",
            "id": "b/testing-bucket-with-no-public-access/roles/storage.objectUser",
            "members": [
              "serviceAccount:service-1082841050410@gs-project-accounts.iam.gserviceaccount.com",
              "serviceAccount:test-bucket-access@gcp101713-michalpiasecki.iam.gserviceaccount.com"
            ],
            "role": "roles/storage.objectUser"
          },
          "sensitive_attributes": [],
          "private": "bnVsbA==",
          "dependencies": [
            "data.google_storage_project_service_account.gcs_account",
            "google_kms_crypto_key.crypto_key",
            "google_kms_crypto_key_iam_binding.kms_binding",
            "google_kms_key_ring.key_ring",
            "google_service_account.service_account",
            "google_storage_bucket.auto-expire"
          ]
        }
      ]
    },
    {
      "mode": "managed",
      "type": "google_storage_bucket_iam_binding",
      "name": "viewer",
      "provider": "provider[\"registry.terraform.io/hashicorp/google\"]",
      "instances": [
        {
          "schema_version": 0,
          "attributes": {
            "bucket": "b/testing-bucket-with-no-public-access",
            "condition": [],
            "etag": "CAk=",
            "id": "b/testing-bucket-with-no-public-access/roles/storage.objectViewer",
            "members": [
              "serviceAccount:reader-service-account@gcp101713-michalpiasecki.iam.gserviceaccount.com"
            ],
            "role": "roles/storage.objectViewer"
          },
          "sensitive_attributes": [],
          "private": "bnVsbA==",
          "dependencies": [
            "google_service_account.reader_service_account",
            "google_storage_bucket.auto-expire"
          ]
        }
      ]
    },
    {
      "mode": "managed",
      "type": "google_storage_bucket_iam_member",
      "name": "member",
      "provider": "provider[\"registry.terraform.io/hashicorp/google\"]",
      "instances": [
        {
          "schema_version": 0,
          "attributes": {
            "bucket": "b/static.piasecki.it",
            "condition": [],
            "etag": "CAI=",
            "id": "b/static.piasecki.it/roles/storage.objectViewer/allUsers",
            "member": "allUsers",
            "role": "roles/storage.objectViewer"
          },
          "sensitive_attributes": [],
          "private": "bnVsbA==",
          "dependencies": [
            "google_storage_bucket.static-site"
          ]
        }
      ]
    },
    {
      "mode": "managed",
      "type": "google_storage_bucket_object",
      "name": "indexpage",
      "provider": "provider[\"registry.terraform.io/hashicorp/google\"]",
      "instances": [
        {
          "schema_version": 0,
          "attributes": {
            "bucket": "static.piasecki.it",
            "cache_control": "",
            "content": null,
            "content_disposition": "",
            "content_encoding": "",
            "content_language": "",
            "content_type": "text/html",
            "crc32c": "5/S0Tg==",
            "customer_encryption": [],
            "detect_md5hash": "OGByG2i3J9wuK/SnWmyLfw==",
            "event_based_hold": false,
            "id": "static.piasecki.it-index.html",
            "kms_key_name": "",
            "md5hash": "OGByG2i3J9wuK/SnWmyLfw==",
            "media_link": "https://storage.googleapis.com/download/storage/v1/b/static.piasecki.it/o/index.html?generation=1701634680457646\u0026alt=media",
            "metadata": {},
            "name": "index.html",
            "output_name": "index.html",
            "self_link": "https://www.googleapis.com/storage/v1/b/static.piasecki.it/o/index.html",
            "source": "objects/index.html",
            "storage_class": "STANDARD",
            "temporary_hold": false,
            "timeouts": null
          },
          "sensitive_attributes": [],
          "private": "eyJlMmJmYjczMC1lY2FhLTExZTYtOGY4OC0zNDM2M2JjN2M0YzAiOnsiY3JlYXRlIjoyNDAwMDAwMDAwMDAsImRlbGV0ZSI6MjQwMDAwMDAwMDAwLCJ1cGRhdGUiOjI0MDAwMDAwMDAwMH19",
          "dependencies": [
            "google_storage_bucket.static-site"
          ]
        }
      ]
    },
    {
      "mode": "managed",
      "type": "google_storage_bucket_object",
      "name": "users",
      "provider": "provider[\"registry.terraform.io/hashicorp/google\"]",
      "instances": [
        {
          "schema_version": 0,
          "attributes": {
            "bucket": "testing-bucket-with-no-public-access",
            "cache_control": "",
            "content": null,
            "content_disposition": "",
            "content_encoding": "",
            "content_language": "",
            "content_type": "text/csv",
            "crc32c": "lACxPw==",
            "customer_encryption": [],
            "detect_md5hash": "OYJ7dDTnbB5E4KgFGz3+Bw==",
            "event_based_hold": false,
            "id": "testing-bucket-with-no-public-access-users.csv",
            "kms_key_name": "projects/gcp101713-michalpiasecki/locations/us-central1/keyRings/my-key-ring/cryptoKeys/my-crypto-key/cryptoKeyVersions/1",
            "md5hash": "OYJ7dDTnbB5E4KgFGz3+Bw==",
            "media_link": "https://storage.googleapis.com/download/storage/v1/b/testing-bucket-with-no-public-access/o/users.csv?generation=1701628689975628\u0026alt=media",
            "metadata": {},
            "name": "users.csv",
            "output_name": "users.csv",
            "self_link": "https://www.googleapis.com/storage/v1/b/testing-bucket-with-no-public-access/o/users.csv",
            "source": "objects/users.csv",
            "storage_class": "STANDARD",
            "temporary_hold": false,
            "timeouts": null
          },
          "sensitive_attributes": [],
          "private": "eyJlMmJmYjczMC1lY2FhLTExZTYtOGY4OC0zNDM2M2JjN2M0YzAiOnsiY3JlYXRlIjoyNDAwMDAwMDAwMDAsImRlbGV0ZSI6MjQwMDAwMDAwMDAwLCJ1cGRhdGUiOjI0MDAwMDAwMDAwMH19",
          "dependencies": [
            "data.google_storage_project_service_account.gcs_account",
            "google_kms_crypto_key.crypto_key",
            "google_kms_crypto_key_iam_binding.kms_binding",
            "google_kms_key_ring.key_ring",
            "google_storage_bucket.auto-expire"
          ]
        }
      ]
    },
    {
      "mode": "managed",
      "type": "google_storage_object_acl",
      "name": "users-csv-acl",
      "provider": "provider[\"registry.terraform.io/hashicorp/google\"]",
      "instances": [
        {
          "schema_version": 0,
          "attributes": {
            "bucket": "testing-bucket-with-no-public-access",
            "id": "users.csv-acl",
            "object": "users.csv",
            "predefined_acl": null,
            "role_entity": [
              "OWNER:user-mpiase@softserveinc.com",
              "READER:user-reader-service-account@gcp101713-michalpiasecki.iam.gserviceaccount.com"
            ]
          },
          "sensitive_attributes": [],
          "private": "bnVsbA==",
          "dependencies": [
            "data.google_storage_project_service_account.gcs_account",
            "google_kms_crypto_key.crypto_key",
            "google_kms_crypto_key_iam_binding.kms_binding",
            "google_kms_key_ring.key_ring",
            "google_service_account.reader_service_account",
            "google_storage_bucket.auto-expire",
            "google_storage_bucket_object.users"
          ]
        }
      ]
    },
    {
      "mode": "managed",
      "type": "google_storage_transfer_job",
      "name": "backup",
      "provider": "provider[\"registry.terraform.io/hashicorp/google\"]",
      "instances": [
        {
          "schema_version": 0,
          "attributes": {
            "creation_time": "2023-12-02T16:30:25.256534957Z",
            "deletion_time": "",
            "description": "backup job",
            "id": "gcp101713-michalpiasecki/18275627238900606298",
            "last_modification_time": "2023-12-02T16:30:25.256534957Z",
            "name": "transferJobs/18275627238900606298",
            "notification_config": [],
            "project": "gcp101713-michalpiasecki",
            "schedule": [
              {
                "repeat_interval": "86400s",
                "schedule_end_date": [
                  {
                    "day": 31,
                    "month": 12,
                    "year": 2100
                  }
                ],
                "schedule_start_date": [
                  {
                    "day": 2,
                    "month": 12,
                    "year": 2023
                  }
                ],
                "start_time_of_day": [
                  {
                    "hours": 21,
                    "minutes": 30,
                    "nanos": 0,
                    "seconds": 0
                  }
                ]
              }
            ],
            "status": "ENABLED",
            "transfer_spec": [
              {
                "aws_s3_data_source": [],
                "azure_blob_storage_data_source": [],
                "gcs_data_sink": [
                  {
                    "bucket_name": "bucket-for-testing-storage-transfer",
                    "path": ""
                  }
                ],
                "gcs_data_source": [
                  {
                    "bucket_name": "testing-bucket-with-no-public-access",
                    "path": ""
                  }
                ],
                "http_data_source": [],
                "object_conditions": [],
                "posix_data_sink": [],
                "posix_data_source": [],
                "transfer_options": [
                  {
                    "delete_objects_from_source_after_transfer": false,
                    "delete_objects_unique_in_sink": true,
                    "overwrite_objects_already_existing_in_sink": false,
                    "overwrite_when": ""
                  }
                ]
              }
            ]
          },
          "sensitive_attributes": [],
          "private": "bnVsbA==",
          "dependencies": [
            "data.google_storage_project_service_account.gcs_account",
            "data.google_storage_transfer_project_service_account.default",
            "google_kms_crypto_key.crypto_key",
            "google_kms_crypto_key_iam_binding.kms_binding",
            "google_kms_key_ring.key_ring",
            "google_project_iam_custom_role.list-buckets",
            "google_project_iam_member.list-buckets-for-storage-transfer",
            "google_project_service.storagetransfer",
            "google_storage_bucket.auto-expire",
            "google_storage_bucket.backup"
          ]
        }
      ]
    }
  ],
  "check_results": null
}
